
Microsoft Visual Studio Solution File, Format Version 12.00
# Visual Studio Version 17
VisualStudioVersion = 17.1.32210.238
MinimumVisualStudioVersion = 10.0.40219.1
Project("{9A19103F-16F7-4668-BE54-9A1E7A4F7556}") = "UndoRedo", "Libraries\UndoRedo\UndoRedo.csproj", "{BA69D113-9A94-4DE0-BEF1-E113648B035C}"
EndProject
Project("{9A19103F-16F7-4668-BE54-9A1E7A4F7556}") = "WPF", "Libraries\WPF\WPF.csproj", "{68546D13-C066-4BA1-8BBF-069DFF65E982}"
EndProject
Project("{FAE04EC0-301F-11D3-BF4B-00C04F79EFBC}") = "Common", "Libraries\Common\Common.csproj", "{6562BC8C-3866-428B-A636-D880F7EFFF64}"
EndProject
Project("{9A19103F-16F7-4668-BE54-9A1E7A4F7556}") = "TranslationEditorTests", "TranslationEditor\TranslationEditorTests\TranslationEditorTests.csproj", "{C7D4585B-F20B-4268-B2BC-2496C75C42F9}"
EndProject
Project("{9A19103F-16F7-4668-BE54-9A1E7A4F7556}") = "TranslationEditor.Data", "TranslationEditor\TranslationEditor.Data\TranslationEditor.Data.csproj", "{AB1AB0BB-3BDD-4E4A-979A-4595162E919A}"
EndProject
Project("{9A19103F-16F7-4668-BE54-9A1E7A4F7556}") = "TranslationDemo", "Utilities\TranslationDemo\TranslationDemo.csproj", "{0BC8ABCB-A381-47DC-A57E-099BBF1282CE}"
EndProject
Project("{9A19103F-16F7-4668-BE54-9A1E7A4F7556}") = "LevelCurvePreviewer", "Utilities\LevelCurvePreviewer\LevelCurvePreviewer.csproj", "{B1651F73-D4D9-4A1C-A2E8-6D053BDDEA91}"
EndProject
Project("{9A19103F-16F7-4668-BE54-9A1E7A4F7556}") = "DynamicDataExpression", "Utilities\DynamicDataExpression\DynamicDataExpression.csproj", "{630B81B1-9292-4403-9E89-E250F8C5886E}"
EndProject
Project("{9A19103F-16F7-4668-BE54-9A1E7A4F7556}") = "DynamicDataExpressionTester", "Utilities\DynamicDataExpressionTester\DynamicDataExpressionTester.csproj", "{E9A9E114-6C67-448B-972D-9360C88B762F}"
EndProject
Project("{9A19103F-16F7-4668-BE54-9A1E7A4F7556}") = "OldTranslationEditor", "OldTranslationEditor\OldTranslationEditor.csproj", "{FBC57C43-4120-48F5-BCE4-D9784116AD55}"
EndProject
Project("{9A19103F-16F7-4668-BE54-9A1E7A4F7556}") = "DialogEditor", "DialogEditor\DialogEditor.csproj", "{31C68FA6-A020-466D-A58D-49BEC711227A}"
EndProject
Project("{2150E333-8FDC-42A3-9474-1A3956D46DE8}") = "Libraries", "Libraries", "{882C8D5D-E122-4DAA-A1C5-DD3F6246D762}"
EndProject
Project("{2150E333-8FDC-42A3-9474-1A3956D46DE8}") = "TranslationEditor", "TranslationEditor", "{66918D1F-8361-4ACD-AEC9-BEBF48433D73}"
EndProject
Project("{2150E333-8FDC-42A3-9474-1A3956D46DE8}") = "Utilities", "Utilities", "{DC839CAB-96F8-4966-8660-6A0B3969B7AA}"
EndProject
Global
	GlobalSection(SolutionConfigurationPlatforms) = preSolution
		Debug|Any CPU = Debug|Any CPU
		Release|Any CPU = Release|Any CPU
	EndGlobalSection
	GlobalSection(ProjectConfigurationPlatforms) = postSolution
		{BA69D113-9A94-4DE0-BEF1-E113648B035C}.Debug|Any CPU.ActiveCfg = Debug|Any CPU
		{BA69D113-9A94-4DE0-BEF1-E113648B035C}.Debug|Any CPU.Build.0 = Debug|Any CPU
		{BA69D113-9A94-4DE0-BEF1-E113648B035C}.Release|Any CPU.ActiveCfg = Release|Any CPU
		{BA69D113-9A94-4DE0-BEF1-E113648B035C}.Release|Any CPU.Build.0 = Release|Any CPU
		{68546D13-C066-4BA1-8BBF-069DFF65E982}.Debug|Any CPU.ActiveCfg = Debug|Any CPU
		{68546D13-C066-4BA1-8BBF-069DFF65E982}.Debug|Any CPU.Build.0 = Debug|Any CPU
		{68546D13-C066-4BA1-8BBF-069DFF65E982}.Release|Any CPU.ActiveCfg = Release|Any CPU
		{68546D13-C066-4BA1-8BBF-069DFF65E982}.Release|Any CPU.Build.0 = Release|Any CPU
		{C7D4585B-F20B-4268-B2BC-2496C75C42F9}.Debug|Any CPU.ActiveCfg = Debug|Any CPU
		{C7D4585B-F20B-4268-B2BC-2496C75C42F9}.Debug|Any CPU.Build.0 = Debug|Any CPU
		{C7D4585B-F20B-4268-B2BC-2496C75C42F9}.Release|Any CPU.ActiveCfg = Release|Any CPU
		{C7D4585B-F20B-4268-B2BC-2496C75C42F9}.Release|Any CPU.Build.0 = Release|Any CPU
		{AB1AB0BB-3BDD-4E4A-979A-4595162E919A}.Debug|Any CPU.ActiveCfg = Debug|Any CPU
		{AB1AB0BB-3BDD-4E4A-979A-4595162E919A}.Debug|Any CPU.Build.0 = Debug|Any CPU
		{AB1AB0BB-3BDD-4E4A-979A-4595162E919A}.Release|Any CPU.ActiveCfg = Release|Any CPU
		{AB1AB0BB-3BDD-4E4A-979A-4595162E919A}.Release|Any CPU.Build.0 = Release|Any CPU
		{0BC8ABCB-A381-47DC-A57E-099BBF1282CE}.Debug|Any CPU.ActiveCfg = Debug|Any CPU
		{0BC8ABCB-A381-47DC-A57E-099BBF1282CE}.Debug|Any CPU.Build.0 = Debug|Any CPU
		{0BC8ABCB-A381-47DC-A57E-099BBF1282CE}.Release|Any CPU.ActiveCfg = Release|Any CPU
		{0BC8ABCB-A381-47DC-A57E-099BBF1282CE}.Release|Any CPU.Build.0 = Release|Any CPU
		{B1651F73-D4D9-4A1C-A2E8-6D053BDDEA91}.Debug|Any CPU.ActiveCfg = Debug|Any CPU
		{B1651F73-D4D9-4A1C-A2E8-6D053BDDEA91}.Debug|Any CPU.Build.0 = Debug|Any CPU
		{B1651F73-D4D9-4A1C-A2E8-6D053BDDEA91}.Release|Any CPU.ActiveCfg = Release|Any CPU
		{B1651F73-D4D9-4A1C-A2E8-6D053BDDEA91}.Release|Any CPU.Build.0 = Release|Any CPU
		{630B81B1-9292-4403-9E89-E250F8C5886E}.Debug|Any CPU.ActiveCfg = Debug|Any CPU
		{630B81B1-9292-4403-9E89-E250F8C5886E}.Debug|Any CPU.Build.0 = Debug|Any CPU
		{630B81B1-9292-4403-9E89-E250F8C5886E}.Release|Any CPU.ActiveCfg = Release|Any CPU
		{630B81B1-9292-4403-9E89-E250F8C5886E}.Release|Any CPU.Build.0 = Release|Any CPU
		{E9A9E114-6C67-448B-972D-9360C88B762F}.Debug|Any CPU.ActiveCfg = Debug|Any CPU
		{E9A9E114-6C67-448B-972D-9360C88B762F}.Debug|Any CPU.Build.0 = Debug|Any CPU
		{E9A9E114-6C67-448B-972D-9360C88B762F}.Release|Any CPU.ActiveCfg = Release|Any CPU
		{E9A9E114-6C67-448B-972D-9360C88B762F}.Release|Any CPU.Build.0 = Release|Any CPU
		{FBC57C43-4120-48F5-BCE4-D9784116AD55}.Debug|Any CPU.ActiveCfg = Debug|Any CPU
		{FBC57C43-4120-48F5-BCE4-D9784116AD55}.Debug|Any CPU.Build.0 = Debug|Any CPU
		{FBC57C43-4120-48F5-BCE4-D9784116AD55}.Release|Any CPU.ActiveCfg = Release|Any CPU
		{FBC57C43-4120-48F5-BCE4-D9784116AD55}.Release|Any CPU.Build.0 = Release|Any CPU
		{31C68FA6-A020-466D-A58D-49BEC711227A}.Debug|Any CPU.ActiveCfg = Debug|Any CPU
		{31C68FA6-A020-466D-A58D-49BEC711227A}.Debug|Any CPU.Build.0 = Debug|Any CPU
		{31C68FA6-A020-466D-A58D-49BEC711227A}.Release|Any CPU.ActiveCfg = Release|Any CPU
		{31C68FA6-A020-466D-A58D-49BEC711227A}.Release|Any CPU.Build.0 = Release|Any CPU
		{6562BC8C-3866-428B-A636-D880F7EFFF64}.Debug|Any CPU.ActiveCfg = Debug|Any CPU
		{6562BC8C-3866-428B-A636-D880F7EFFF64}.Debug|Any CPU.Build.0 = Debug|Any CPU
		{6562BC8C-3866-428B-A636-D880F7EFFF64}.Release|Any CPU.ActiveCfg = Release|Any CPU
		{6562BC8C-3866-428B-A636-D880F7EFFF64}.Release|Any CPU.Build.0 = Release|Any CPU
	EndGlobalSection
	GlobalSection(SolutionProperties) = preSolution
		HideSolutionNode = FALSE
	EndGlobalSection
	GlobalSection(NestedProjects) = preSolution
		{BA69D113-9A94-4DE0-BEF1-E113648B035C} = {882C8D5D-E122-4DAA-A1C5-DD3F6246D762}
		{68546D13-C066-4BA1-8BBF-069DFF65E982} = {882C8D5D-E122-4DAA-A1C5-DD3F6246D762}
		{C7D4585B-F20B-4268-B2BC-2496C75C42F9} = {66918D1F-8361-4ACD-AEC9-BEBF48433D73}
		{AB1AB0BB-3BDD-4E4A-979A-4595162E919A} = {66918D1F-8361-4ACD-AEC9-BEBF48433D73}
		{0BC8ABCB-A381-47DC-A57E-099BBF1282CE} = {DC839CAB-96F8-4966-8660-6A0B3969B7AA}
		{B1651F73-D4D9-4A1C-A2E8-6D053BDDEA91} = {DC839CAB-96F8-4966-8660-6A0B3969B7AA}
		{630B81B1-9292-4403-9E89-E250F8C5886E} = {DC839CAB-96F8-4966-8660-6A0B3969B7AA}
		{E9A9E114-6C67-448B-972D-9360C88B762F} = {DC839CAB-96F8-4966-8660-6A0B3969B7AA}
		{6562BC8C-3866-428B-A636-D880F7EFFF64} = {882C8D5D-E122-4DAA-A1C5-DD3F6246D762}
	EndGlobalSection
	GlobalSection(ExtensibilityGlobals) = postSolution
		SolutionGuid = {04263B8F-90D7-4A04-901D-0D7106F1EE48}
	EndGlobalSection
EndGlobal
