
Microsoft Visual Studio Solution File, Format Version 12.00
# Visual Studio Version 16
VisualStudioVersion = 16.0.28729.10
MinimumVisualStudioVersion = 10.0.40219.1
Project("{FAE04EC0-301F-11D3-BF4B-00C04F79EFBC}") = "SCRTools", "SCRTools\SCRTools.csproj", "{E2E9B624-7F96-4ACF-92D3-ACFC77659791}"
EndProject
Global
	GlobalSection(SolutionConfigurationPlatforms) = preSolution
		Debug|Any CPU = Debug|Any CPU
		Release|Any CPU = Release|Any CPU
	EndGlobalSection
	GlobalSection(ProjectConfigurationPlatforms) = postSolution
		{E2E9B624-7F96-4ACF-92D3-ACFC77659791}.Debug|Any CPU.ActiveCfg = Debug|Any CPU
		{E2E9B624-7F96-4ACF-92D3-ACFC77659791}.Debug|Any CPU.Build.0 = Debug|Any CPU
		{E2E9B624-7F96-4ACF-92D3-ACFC77659791}.Release|Any CPU.ActiveCfg = Release|Any CPU
		{E2E9B624-7F96-4ACF-92D3-ACFC77659791}.Release|Any CPU.Build.0 = Release|Any CPU
	EndGlobalSection
	GlobalSection(SolutionProperties) = preSolution
		HideSolutionNode = FALSE
	EndGlobalSection
	GlobalSection(ExtensibilityGlobals) = postSolution
		SolutionGuid = {04263B8F-90D7-4A04-901D-0D7106F1EE48}
	EndGlobalSection
EndGlobal
