
Microsoft Visual Studio Solution File, Format Version 12.00
# Visual Studio Version 16
VisualStudioVersion = 16.0.28729.10
MinimumVisualStudioVersion = 10.0.40219.1
Project("{FAE04EC0-301F-11D3-BF4B-00C04F79EFBC}") = "SCRDialogEditor", "SCRDialogEditor\SCRDialogEditor.csproj", "{31C68FA6-A020-466D-A58D-49BEC711227A}"
EndProject
Project("{FAE04EC0-301F-11D3-BF4B-00C04F79EFBC}") = "SCRLanguageEditor", "SCRLanguageEditor\SCRLanguageEditor.csproj", "{D0D4E997-FDC3-4718-A50D-1D84A35EA2E4}"
EndProject
Project("{FAE04EC0-301F-11D3-BF4B-00C04F79EFBC}") = "SCRCommon", "SCRCommon\SCRCommon.csproj", "{F0EE3117-EF36-42FD-8BC2-9341246C49E0}"
EndProject
Global
	GlobalSection(SolutionConfigurationPlatforms) = preSolution
		Debug|Any CPU = Debug|Any CPU
		Release|Any CPU = Release|Any CPU
	EndGlobalSection
	GlobalSection(ProjectConfigurationPlatforms) = postSolution
		{31C68FA6-A020-466D-A58D-49BEC711227A}.Debug|Any CPU.ActiveCfg = Debug|Any CPU
		{31C68FA6-A020-466D-A58D-49BEC711227A}.Debug|Any CPU.Build.0 = Debug|Any CPU
		{31C68FA6-A020-466D-A58D-49BEC711227A}.Release|Any CPU.ActiveCfg = Release|Any CPU
		{31C68FA6-A020-466D-A58D-49BEC711227A}.Release|Any CPU.Build.0 = Release|Any CPU
		{D0D4E997-FDC3-4718-A50D-1D84A35EA2E4}.Debug|Any CPU.ActiveCfg = Debug|Any CPU
		{D0D4E997-FDC3-4718-A50D-1D84A35EA2E4}.Debug|Any CPU.Build.0 = Debug|Any CPU
		{D0D4E997-FDC3-4718-A50D-1D84A35EA2E4}.Release|Any CPU.ActiveCfg = Release|Any CPU
		{D0D4E997-FDC3-4718-A50D-1D84A35EA2E4}.Release|Any CPU.Build.0 = Release|Any CPU
		{F0EE3117-EF36-42FD-8BC2-9341246C49E0}.Debug|Any CPU.ActiveCfg = Debug|Any CPU
		{F0EE3117-EF36-42FD-8BC2-9341246C49E0}.Debug|Any CPU.Build.0 = Debug|Any CPU
		{F0EE3117-EF36-42FD-8BC2-9341246C49E0}.Release|Any CPU.ActiveCfg = Release|Any CPU
		{F0EE3117-EF36-42FD-8BC2-9341246C49E0}.Release|Any CPU.Build.0 = Release|Any CPU
	EndGlobalSection
	GlobalSection(SolutionProperties) = preSolution
		HideSolutionNode = FALSE
	EndGlobalSection
	GlobalSection(ExtensibilityGlobals) = postSolution
		SolutionGuid = {04263B8F-90D7-4A04-901D-0D7106F1EE48}
	EndGlobalSection
EndGlobal
